<?xml version="1.0" encoding="utf-8"?>
<Project ToolsVersion="4.0" xmlns="http://schemas.microsoft.com/developer/msbuild/2003">
  <ItemGroup>
    <Filter Include="Source Files">
      <UniqueIdentifier>{4FC737F1-C7A5-4376-A066-2A32D752A2FF}</UniqueIdentifier>
      <Extensions>cpp;c;cc;cxx;def;odl;idl;hpj;bat;asm;asmx</Extensions>
    </Filter>
    <Filter Include="Header Files">
      <UniqueIdentifier>{93995380-89BD-4b04-88EB-625FBE52EBFB}</UniqueIdentifier>
      <Extensions>h;hh;hpp;hxx;hm;inl;inc;xsd</Extensions>
    </Filter>
    <Filter Include="Resource Files">
      <UniqueIdentifier>{67DA6AB6-F800-4c08-8B7A-83BB121AAD01}</UniqueIdentifier>
      <Extensions>rc;ico;cur;bmp;dlg;rc2;rct;bin;rgs;gif;jpg;jpeg;jpe;resx;tiff;tif;png;wav;mfcribbon-ms</Extensions>
    </Filter>
  </ItemGroup>
  <ItemGroup>
    <ClCompile Include="2033_반올림.cpp">
      <Filter>Source Files</Filter>
    </ClCompile>
    <ClCompile Include="5612_터널의 입구와 출구.cpp">
      <Filter>Source Files</Filter>
    </ClCompile>
    <ClCompile Include="1188_음식 평론가.cpp">
      <Filter>Source Files</Filter>
    </ClCompile>
    <ClCompile Include="4811_알약.cpp">
      <Filter>Source Files</Filter>
    </ClCompile>
    <ClCompile Include="미해결_2110_공유기 설치.cpp">
      <Filter>Source Files</Filter>
    </ClCompile>
    <ClCompile Include="2156_포도주시식.cpp">
      <Filter>Source Files</Filter>
    </ClCompile>
    <ClCompile Include="2819_상근이의 로봇.cpp">
      <Filter>Source Files</Filter>
    </ClCompile>
    <ClCompile Include="10971_외판원순회2.cpp">
      <Filter>Source Files</Filter>
    </ClCompile>
    <ClCompile Include="미해결_3098_소셜 네크워크.cpp">
      <Filter>Source Files</Filter>
    </ClCompile>
    <ClCompile Include="2503_숫자야구.cpp">
      <Filter>Source Files</Filter>
    </ClCompile>
    <ClCompile Include="9207_페그 솔리테어.cpp">
      <Filter>Source Files</Filter>
    </ClCompile>
    <ClCompile Include="1938_통나무 옮기기.cpp">
      <Filter>Source Files</Filter>
    </ClCompile>
    <ClCompile Include="9663_N-Queen.cpp">
      <Filter>Source Files</Filter>
    </ClCompile>
    <ClCompile Include="10828_스택.cpp">
      <Filter>Source Files</Filter>
    </ClCompile>
    <ClCompile Include="10845_큐.cpp">
      <Filter>Source Files</Filter>
    </ClCompile>
    <ClCompile Include="미해결_2904_수학은 너무 쉬워.cpp">
      <Filter>Source Files</Filter>
    </ClCompile>
    <ClCompile Include="5376_소수를 분수로.cpp">
      <Filter>Source Files</Filter>
    </ClCompile>
    <ClCompile Include="1256_사전.cpp">
      <Filter>Source Files</Filter>
    </ClCompile>
    <ClCompile Include="11050_이항 계수1.cpp">
      <Filter>Source Files</Filter>
    </ClCompile>
    <ClCompile Include="11051_이항계수2.cpp">
      <Filter>Source Files</Filter>
    </ClCompile>
    <ClCompile Include="5568_카드놓기.cpp">
      <Filter>Source Files</Filter>
    </ClCompile>
    <ClCompile Include="미해결_5557_1학년.cpp">
      <Filter>Source Files</Filter>
    </ClCompile>
    <ClCompile Include="1735_분수합.cpp">
      <Filter>Source Files</Filter>
    </ClCompile>
    <ClCompile Include="13251_조약돌꺼내기.cpp">
      <Filter>Source Files</Filter>
    </ClCompile>
    <ClCompile Include="미해결_14476_최대공약수하나빼기.cpp">
      <Filter>Source Files</Filter>
    </ClCompile>
    <ClCompile Include="미해결_2580_스도쿠.cpp">
      <Filter>Source Files</Filter>
    </ClCompile>
    <ClCompile Include="5427_불.cpp">
      <Filter>Source Files</Filter>
    </ClCompile>
    <ClCompile Include="2864_5와6의 차이.cpp">
      <Filter>Source Files</Filter>
    </ClCompile>
    <ClCompile Include="10987_모음의개수.cpp">
      <Filter>Source Files</Filter>
    </ClCompile>
    <ClCompile Include="5598_카이사르암호.cpp">
      <Filter>Source Files</Filter>
    </ClCompile>
    <ClCompile Include="4949_균형잡인세상.cpp">
      <Filter>Source Files</Filter>
    </ClCompile>
    <ClCompile Include="2789_유학금지.cpp">
      <Filter>Source Files</Filter>
    </ClCompile>
    <ClCompile Include="9935_문자열폭발.cpp">
      <Filter>Source Files</Filter>
    </ClCompile>
    <ClCompile Include="5218_알파벳거리.cpp">
      <Filter>Source Files</Filter>
    </ClCompile>
    <ClCompile Include="5586_JOI와IOI.cpp">
      <Filter>Source Files</Filter>
    </ClCompile>
    <ClCompile Include="3986_좋은단어.cpp">
      <Filter>Source Files</Filter>
    </ClCompile>
    <ClCompile Include="2857_FBI.cpp">
      <Filter>Source Files</Filter>
    </ClCompile>
    <ClCompile Include="1919_에너그램만들기.cpp">
      <Filter>Source Files</Filter>
    </ClCompile>
    <ClCompile Include="9933_민균이의비밀번호.cpp">
      <Filter>Source Files</Filter>
    </ClCompile>
    <ClCompile Include="1371_가장많은글자.cpp">
      <Filter>Source Files</Filter>
    </ClCompile>
    <ClCompile Include="18429_근손실.cpp">
      <Filter>Source Files</Filter>
    </ClCompile>
    <ClCompile Include="18352_특정거리의도시찾기.cpp">
      <Filter>Source Files</Filter>
    </ClCompile>
    <ClCompile Include="18428_감시피하기.cpp">
      <Filter>Source Files</Filter>
    </ClCompile>
    <ClCompile Include="미해결_18353_병사배치하기.cpp">
      <Filter>Source Files</Filter>
    </ClCompile>
    <ClCompile Include="18430_무기공학.cpp">
      <Filter>Source Files</Filter>
    </ClCompile>
    <ClCompile Include="2636_치즈.cpp">
      <Filter>Source Files</Filter>
    </ClCompile>
    <ClCompile Include="2998_8진수.cpp">
      <Filter>Source Files</Filter>
    </ClCompile>
    <ClCompile Include="11586_지영공주님의마법거울.cpp">
      <Filter>Source Files</Filter>
    </ClCompile>
    <ClCompile Include="미해결_18513_샘터.cpp">
      <Filter>Source Files</Filter>
    </ClCompile>
    <ClCompile Include="10769_행복한지슬픈지.cpp">
      <Filter>Source Files</Filter>
    </ClCompile>
    <ClCompile Include="1718_암호.cpp">
      <Filter>Source Files</Filter>
    </ClCompile>
    <ClCompile Include="1543_문서검색.cpp">
      <Filter>Source Files</Filter>
    </ClCompile>
    <ClCompile Include="1373_2진수 8진수.cpp">
      <Filter>Source Files</Filter>
    </ClCompile>
    <ClCompile Include="1639_행운의티켓.cpp">
      <Filter>Source Files</Filter>
    </ClCompile>
    <ClCompile Include="미해결_3425_고스택.cpp">
      <Filter>Source Files</Filter>
    </ClCompile>
    <ClCompile Include="11048_이동하기.cpp">
      <Filter>Source Files</Filter>
    </ClCompile>
    <ClCompile Include="미해결_1477_휴게소세우기.cpp">
      <Filter>Source Files</Filter>
    </ClCompile>
    <ClCompile Include="1107_리모컨.cpp">
      <Filter>Source Files</Filter>
    </ClCompile>
    <ClCompile Include="2151_거울설치.cpp">
      <Filter>Source Files</Filter>
    </ClCompile>
    <ClCompile Include="16197_두동전.cpp">
      <Filter>Source Files</Filter>
    </ClCompile>
    <ClCompile Include="3079_입국심사.cpp">
      <Filter>Source Files</Filter>
    </ClCompile>
    <ClCompile Include="2437_저울.cpp">
      <Filter>Source Files</Filter>
    </ClCompile>
    <ClCompile Include="6087_레이저통신.cpp">
      <Filter>Source Files</Filter>
    </ClCompile>
    <ClCompile Include="1365_꼬인 전깃줄.cpp">
      <Filter>Source Files</Filter>
    </ClCompile>
    <ClCompile Include="2075_N번째큰수.cpp">
      <Filter>Source Files</Filter>
    </ClCompile>
    <ClCompile Include="1577_도로의개수.cpp">
      <Filter>Source Files</Filter>
    </ClCompile>
    <ClCompile Include="2630_색종이만들기.cpp">
      <Filter>Source Files</Filter>
    </ClCompile>
    <ClCompile Include="1034_램프.cpp">
      <Filter>Source Files</Filter>
    </ClCompile>
    <ClCompile Include="20200321_모의테스트_1.cpp">
      <Filter>Source Files</Filter>
    </ClCompile>
    <ClCompile Include="미해결_20200321_모의테스트_2.cpp">
      <Filter>Source Files</Filter>
    </ClCompile>
    <ClCompile Include="14497_주난의난.cpp">
      <Filter>Source Files</Filter>
    </ClCompile>
    <ClCompile Include="15661_링크와스타트.cpp">
      <Filter>Source Files</Filter>
    </ClCompile>
  </ItemGroup>
  <ItemGroup>
    <Text Include="input.txt">
      <Filter>Resource Files</Filter>
    </Text>
    <Text Include="input_1256.txt">
      <Filter>Resource Files</Filter>
    </Text>
    <Text Include="input_5568.txt">
      <Filter>Resource Files</Filter>
    </Text>
    <Text Include="input_5557.txt">
      <Filter>Resource Files</Filter>
    </Text>
    <Text Include="input_13251.txt">
      <Filter>Resource Files</Filter>
    </Text>
    <Text Include="input_14476.txt">
      <Filter>Resource Files</Filter>
    </Text>
    <Text Include="input_2580.txt">
      <Filter>Resource Files</Filter>
    </Text>
    <Text Include="input_15658.txt">
      <Filter>Resource Files</Filter>
    </Text>
    <Text Include="input_5427.txt">
      <Filter>Resource Files</Filter>
    </Text>
    <Text Include="input_4949.txt">
      <Filter>Resource Files</Filter>
    </Text>
    <Text Include="input_9935.txt">
      <Filter>Resource Files</Filter>
    </Text>
    <Text Include="input_5218.txt">
      <Filter>Resource Files</Filter>
    </Text>
    <Text Include="input_3986.txt">
      <Filter>Resource Files</Filter>
    </Text>
    <Text Include="input_2857.txt">
      <Filter>Resource Files</Filter>
    </Text>
    <Text Include="input_9933.txt">
      <Filter>Resource Files</Filter>
    </Text>
    <Text Include="input_1371.txt">
      <Filter>Resource Files</Filter>
    </Text>
    <Text Include="input_18429.txt">
      <Filter>Resource Files</Filter>
    </Text>
    <Text Include="input_18353.txt">
      <Filter>Resource Files</Filter>
    </Text>
    <Text Include="input_18352.txt">
      <Filter>Resource Files</Filter>
    </Text>
    <Text Include="input_18428.txt">
      <Filter>Resource Files</Filter>
    </Text>
    <Text Include="input_18430.txt">
      <Filter>Resource Files</Filter>
    </Text>
    <Text Include="input_2636.txt">
      <Filter>Resource Files</Filter>
    </Text>
    <Text Include="input_11586.txt">
      <Filter>Resource Files</Filter>
    </Text>
    <Text Include="input_18513.txt">
      <Filter>Resource Files</Filter>
    </Text>
    <Text Include="input_10769.txt">
      <Filter>Resource Files</Filter>
    </Text>
    <Text Include="input_1718.txt">
      <Filter>Resource Files</Filter>
    </Text>
    <Text Include="input_1543.txt">
      <Filter>Resource Files</Filter>
    </Text>
    <Text Include="input_3425.txt">
      <Filter>Resource Files</Filter>
    </Text>
    <Text Include="input_11048.txt">
      <Filter>Resource Files</Filter>
    </Text>
    <Text Include="input_1477.txt">
      <Filter>Resource Files</Filter>
    </Text>
    <Text Include="input_1107.txt">
      <Filter>Resource Files</Filter>
    </Text>
    <Text Include="input_2151.txt">
      <Filter>Resource Files</Filter>
    </Text>
    <Text Include="input_16197.txt">
      <Filter>Resource Files</Filter>
    </Text>
    <Text Include="input_3079.txt">
      <Filter>Resource Files</Filter>
    </Text>
    <Text Include="input_6087.txt">
      <Filter>Resource Files</Filter>
    </Text>
    <Text Include="input_1365.txt">
      <Filter>Resource Files</Filter>
    </Text>
    <Text Include="input_2075.txt">
      <Filter>Resource Files</Filter>
    </Text>
    <Text Include="input_1577.txt">
      <Filter>Resource Files</Filter>
    </Text>
    <Text Include="input_2630.txt">
      <Filter>Resource Files</Filter>
    </Text>
    <Text Include="input_1034.txt">
      <Filter>Resource Files</Filter>
    </Text>
    <Text Include="input_1.txt">
      <Filter>Resource Files</Filter>
    </Text>
    <Text Include="input_2.txt">
      <Filter>Resource Files</Filter>
    </Text>
    <Text Include="input_14497.txt">
      <Filter>Resource Files</Filter>
    </Text>
    <Text Include="input_15661.txt">
      <Filter>Resource Files</Filter>
    </Text>
  </ItemGroup>
</Project>